
Microsoft Visual Studio Solution File, Format Version 12.00
# Visual Studio Version 17
VisualStudioVersion = 17.4.33110.190
MinimumVisualStudioVersion = 10.0.40219.1
Project("{9A19103F-16F7-4668-BE54-9A1E7A4F7556}") = "DatabaseAccess", "WebShopData\DatabaseAccess.csproj", "{D40E69CA-A898-4A26-8BE4-C61854E18C51}"
EndProject
Project("{9A19103F-16F7-4668-BE54-9A1E7A4F7556}") = "WebShopTest", "WebShopTest\WebShopTest.csproj", "{DF1423C3-329A-4F94-B85E-1CEEF960B4D0}"
EndProject
Project("{9A19103F-16F7-4668-BE54-9A1E7A4F7556}") = "RestAPi", "WebShopRestService\RestAPi.csproj", "{B52D26FC-8418-4E41-A9E2-CBB6F88859E0}"
EndProject
Project("{9A19103F-16F7-4668-BE54-9A1E7A4F7556}") = "WebShop", "WebShopWebServerAPIClient1\WebShop.csproj", "{AC6BD7DC-A330-44AF-8D57-39D5F6824383}"
EndProject
Global
	GlobalSection(SolutionConfigurationPlatforms) = preSolution
		Debug|Any CPU = Debug|Any CPU
		Release|Any CPU = Release|Any CPU
	EndGlobalSection
	GlobalSection(ProjectConfigurationPlatforms) = postSolution
		{D40E69CA-A898-4A26-8BE4-C61854E18C51}.Debug|Any CPU.ActiveCfg = Debug|Any CPU
		{D40E69CA-A898-4A26-8BE4-C61854E18C51}.Debug|Any CPU.Build.0 = Debug|Any CPU
		{D40E69CA-A898-4A26-8BE4-C61854E18C51}.Release|Any CPU.ActiveCfg = Release|Any CPU
		{D40E69CA-A898-4A26-8BE4-C61854E18C51}.Release|Any CPU.Build.0 = Release|Any CPU
		{DF1423C3-329A-4F94-B85E-1CEEF960B4D0}.Debug|Any CPU.ActiveCfg = Debug|Any CPU
		{DF1423C3-329A-4F94-B85E-1CEEF960B4D0}.Debug|Any CPU.Build.0 = Debug|Any CPU
		{DF1423C3-329A-4F94-B85E-1CEEF960B4D0}.Release|Any CPU.ActiveCfg = Release|Any CPU
		{DF1423C3-329A-4F94-B85E-1CEEF960B4D0}.Release|Any CPU.Build.0 = Release|Any CPU
		{B52D26FC-8418-4E41-A9E2-CBB6F88859E0}.Debug|Any CPU.ActiveCfg = Debug|Any CPU
		{B52D26FC-8418-4E41-A9E2-CBB6F88859E0}.Debug|Any CPU.Build.0 = Debug|Any CPU
		{B52D26FC-8418-4E41-A9E2-CBB6F88859E0}.Release|Any CPU.ActiveCfg = Release|Any CPU
		{B52D26FC-8418-4E41-A9E2-CBB6F88859E0}.Release|Any CPU.Build.0 = Release|Any CPU
		{AC6BD7DC-A330-44AF-8D57-39D5F6824383}.Debug|Any CPU.ActiveCfg = Debug|Any CPU
		{AC6BD7DC-A330-44AF-8D57-39D5F6824383}.Debug|Any CPU.Build.0 = Debug|Any CPU
		{AC6BD7DC-A330-44AF-8D57-39D5F6824383}.Release|Any CPU.ActiveCfg = Release|Any CPU
		{AC6BD7DC-A330-44AF-8D57-39D5F6824383}.Release|Any CPU.Build.0 = Release|Any CPU
	EndGlobalSection
	GlobalSection(SolutionProperties) = preSolution
		HideSolutionNode = FALSE
	EndGlobalSection
	GlobalSection(ExtensibilityGlobals) = postSolution
		SolutionGuid = {F41C8184-6785-4DC9-B783-9BADD2981977}
	EndGlobalSection
EndGlobal
